# This file is autogenerated, do not edit; changes may be undone by the next 'dep ensure'.


[[projects]]
  name = "github.com/Microsoft/go-winio"
  packages = ["."]
  revision = "1a8911d1ed007260465c3bfbbc785ac6915a0bb8"
  version = "v0.4.12"

[[projects]]
  name = "github.com/PuerkitoBio/purell"
  packages = ["."]
  revision = "44968752391892e1b0d0b821ee79e9a85fa13049"
  version = "v1.1.1"

[[projects]]
  branch = "master"
  name = "github.com/PuerkitoBio/urlesc"
  packages = ["."]
  revision = "de5bf2ad457846296e2031421a34e2568e304e35"

[[projects]]
  branch = "master"
  name = "github.com/beorn7/perks"
  packages = ["quantile"]
  revision = "3a771d992973f24aa725d07868b467d1ddfceafb"

[[projects]]
  name = "github.com/container-storage-interface/spec"
  packages = ["lib/go/csi"]
  revision = "f750e6765f5f6b4ac0e13e95214d58901290fb4b"
  version = "v1.1.0"

[[projects]]
  name = "github.com/davecgh/go-spew"
  packages = ["spew"]
  revision = "8991bc29aa16c548c550c7ff78260e27b9ab7c73"
  version = "v1.1.1"

[[projects]]
  name = "github.com/docker/distribution"
  packages = [
    "digestset",
    "reference"
  ]
  revision = "5db89f0ca68677abc5eefce8f2a0a772c98ba52d"

[[projects]]
  branch = "master"
  name = "github.com/docker/spdystream"
  packages = [
    ".",
    "spdy"
  ]
  revision = "6480d4af844c189cf5dd913db24ddd339d3a4f85"

[[projects]]
  name = "github.com/emicklei/go-restful"
  packages = [
    ".",
    "log"
  ]
  revision = "6ac3b8eb89d325e5c750d77f344a6870464d03c3"
  version = "v2.9.6"

[[projects]]
  name = "github.com/evanphx/json-patch"
  packages = ["."]
  revision = "afac545df32f2287a079e2dfb7ba2745a643747e"
  version = "v3.0.0"

[[projects]]
  name = "github.com/fatih/camelcase"
  packages = ["."]
  revision = "44e46d280b43ec1531bb25252440e34f1b800b65"
  version = "v1.0.0"

[[projects]]
  name = "github.com/fsnotify/fsnotify"
  packages = ["."]
  revision = "629574ca2a5df945712d3079857300b5e4da0236"
  version = "v1.4.2"

[[projects]]
  name = "github.com/ghodss/yaml"
  packages = ["."]
  revision = "0ca9ea5df5451ffdf184b4428c902747c2c11cd7"
  version = "v1.0.0"

[[projects]]
  name = "github.com/go-openapi/jsonpointer"
  packages = ["."]
  revision = "a105a905c5e6ad147f08504784917f3e178e0ba5"
  version = "v0.19.2"

[[projects]]
  name = "github.com/go-openapi/jsonreference"
  packages = ["."]
  revision = "2903bfd4bfbaf188694f1edf731f2725a8fa344f"
  version = "v0.19.2"

[[projects]]
  name = "github.com/go-openapi/spec"
  packages = ["."]
  revision = "bdfd7e07daecc404d77868a88b2364d0aed0ee5a"
  version = "v0.19.2"

[[projects]]
  name = "github.com/go-openapi/swag"
  packages = ["."]
  revision = "7e8dd5ceab83c86d17bc967d09e195414fe2b47e"
  version = "v0.19.2"

[[projects]]
  name = "github.com/gogo/protobuf"
  packages = [
    "gogoproto",
    "proto",
    "protoc-gen-gogo/descriptor",
    "sortkeys"
  ]
  revision = "636bf0302bc95575d69441b25a2603156ffdddf1"
  version = "v1.1.1"

[[projects]]
  branch = "master"
  name = "github.com/golang/glog"
  packages = ["."]
  revision = "23def4e6c14b4da8ac2ed8007337bc5eb5007998"

[[projects]]
  branch = "master"
  name = "github.com/golang/groupcache"
  packages = ["lru"]
  revision = "c65c006176ff7ff98bb916961c7abbc6b0afc0aa"

[[projects]]
  name = "github.com/golang/protobuf"
  packages = [
    "descriptor",
    "proto",
    "protoc-gen-go/descriptor",
    "ptypes",
    "ptypes/any",
    "ptypes/duration",
    "ptypes/timestamp",
    "ptypes/wrappers"
  ]
  revision = "aa810b61a9c79d51363740d207bb46cf8e620ed5"
  version = "v1.2.0"

[[projects]]
  name = "github.com/google/btree"
  packages = ["."]
  revision = "4030bb1f1f0c35b30ca7009e9ebd06849dd45306"
  version = "v1.0.0"

[[projects]]
  name = "github.com/google/go-cmp"
  packages = [
    "cmp",
    "cmp/internal/diff",
    "cmp/internal/flags",
    "cmp/internal/function",
    "cmp/internal/value"
  ]
  revision = "6f77996f0c42f7b84e5a2b252227263f93432e9b"
  version = "v0.3.0"

[[projects]]
  branch = "master"
  name = "github.com/google/gofuzz"
  packages = ["."]
  revision = "24818f796faf91cd76ec7bddd72458fbced7a6c1"

[[projects]]
  name = "github.com/google/uuid"
  packages = ["."]
  revision = "0cd6bf5da1e1c83f8b45653022c74f71af0538a4"
  version = "v1.1.1"

[[projects]]
  name = "github.com/googleapis/gnostic"
  packages = [
    "OpenAPIv2",
    "compiler",
    "extensions"
  ]
  revision = "7c663266750e7d82587642f65e60bc4083f1f84e"
  version = "v0.2.0"

[[projects]]
  branch = "master"
  name = "github.com/gregjones/httpcache"
  packages = [
    ".",
    "diskcache"
  ]
  revision = "901d90724c7919163f472a9812253fb26761123d"

[[projects]]
  name = "github.com/hashicorp/golang-lru"
  packages = [
    ".",
    "simplelru"
  ]
  revision = "20f1fb78b0740ba8c3cb143a61e86ba5c8669768"
  version = "v0.5.0"

[[projects]]
  name = "github.com/hpcloud/tail"
  packages = [
    ".",
    "ratelimiter",
    "util",
    "watch",
    "winfile"
  ]
  revision = "a30252cb686a21eb2d0b98132633053ec2f7f1e5"
  version = "v1.0.0"

[[projects]]
  name = "github.com/imdario/mergo"
  packages = ["."]
  revision = "7c29201646fa3de8506f701213473dd407f19646"
  version = "v0.3.7"

[[projects]]
  name = "github.com/inconshreveable/mousetrap"
  packages = ["."]
  revision = "76626ae9c91c4f2a10f34cad8ce83ea42c93bb75"
  version = "v1.0"

[[projects]]
  name = "github.com/json-iterator/go"
  packages = ["."]
  revision = "1624edc4454b8682399def8740d46db5e4362ba4"
  version = "v1.1.5"

[[projects]]
  branch = "master"
  name = "github.com/kubernetes-csi/csi-lib-iscsi"
  packages = ["iscsi"]
  revision = "c545557492f4c010327f964dd98a7ae72fb9bb30"

[[projects]]
  name = "github.com/kubernetes-csi/csi-lib-utils"
  packages = ["protosanitizer"]
  revision = "5853414e1d4771302e0df10d1870c444c2135799"
  version = "v0.2.0"

[[projects]]
  branch = "master"
  name = "github.com/mailru/easyjson"
  packages = [
    "buffer",
    "jlexer",
    "jwriter"
  ]
  revision = "da37f6c1e4819c2ed4be6542856f9c0f0560348d"

[[projects]]
  name = "github.com/matttproud/golang_protobuf_extensions"
  packages = ["pbutil"]
  revision = "c12348ce28de40eed0136aa2b644d0ee0650e56c"
  version = "v1.0.1"

[[projects]]
  name = "github.com/modern-go/concurrent"
  packages = ["."]
  revision = "bacd9c7ef1dd9b15be4a9909b8ac7a4e313eec94"
  version = "1.0.3"

[[projects]]
  name = "github.com/modern-go/reflect2"
  packages = ["."]
  revision = "4b7aa43c6742a2c18fdef89dd197aaae7dac7ccd"
  version = "1.0.1"

[[projects]]
  name = "github.com/onsi/ginkgo"
  packages = [
    ".",
    "config",
    "internal/codelocation",
    "internal/containernode",
    "internal/failer",
    "internal/leafnodes",
    "internal/remote",
    "internal/spec",
    "internal/spec_iterator",
    "internal/specrunner",
    "internal/suite",
    "internal/testingtproxy",
    "internal/writer",
    "reporters",
    "reporters/stenographer",
    "reporters/stenographer/support/go-colorable",
    "reporters/stenographer/support/go-isatty",
    "types"
  ]
  revision = "eea6ad008b96acdaa524f5b409513bf062b500ad"
  version = "v1.8.0"

[[projects]]
  name = "github.com/onsi/gomega"
  packages = [
    ".",
    "format",
    "internal/assertion",
    "internal/asyncassertion",
    "internal/oraclematcher",
    "internal/testingtsupport",
    "matchers",
    "matchers/support/goraph/bipartitegraph",
    "matchers/support/goraph/edge",
    "matchers/support/goraph/node",
    "matchers/support/goraph/util",
    "types"
  ]
  revision = "90e289841c1ed79b7a598a7cd9959750cb5e89e2"
  version = "v1.5.0"

[[projects]]
  name = "github.com/opencontainers/go-digest"
  packages = ["."]
  revision = "279bed98673dd5bef374d3b6e4b09e2af76183bf"
  version = "v1.0.0-rc1"

[[projects]]
  name = "github.com/pborman/uuid"
  packages = ["."]
  revision = "adf5a7427709b9deb95d29d3fa8a2bf9cfd388f1"
  version = "v1.2"

[[projects]]
  branch = "master"
  name = "github.com/petar/GoLLRB"
  packages = ["llrb"]
  revision = "33fb24c13b99c46c93183c291836c573ac382536"

[[projects]]
  name = "github.com/peterbourgon/diskv"
  packages = ["."]
  revision = "0be1b92a6df0e4f5cb0a5d15fb7f643d0ad93ce6"
  version = "v3.0.0"

[[projects]]
  name = "github.com/pkg/errors"
  packages = ["."]
  revision = "ba968bfe8b2f7e042a574c888954fccecfa385b4"
  version = "v0.8.1"

[[projects]]
  name = "github.com/pmezard/go-difflib"
  packages = ["difflib"]
  revision = "792786c7400a136282c1664665ae0a8db921c6c2"
  version = "v1.0.0"

[[projects]]
  name = "github.com/prometheus/client_golang"
  packages = [
    "prometheus",
    "prometheus/internal"
  ]
  revision = "abad2d1bd44235a26707c172eab6bca5bf2dbad3"
  version = "v0.9.1"

[[projects]]
  branch = "master"
  name = "github.com/prometheus/client_model"
  packages = ["go"]
  revision = "5c3871d89910bfb32f5fcab2aa4b9ec68e65a99f"

[[projects]]
  branch = "master"
  name = "github.com/prometheus/common"
  packages = [
    "expfmt",
    "internal/bitbucket.org/ww/goautoneg",
    "model"
  ]
  revision = "41aa239b4cce3c56ab88fc366ae8b0a6423fa239"

[[projects]]
  branch = "master"
  name = "github.com/prometheus/procfs"
  packages = [
    ".",
    "internal/util",
    "nfs",
    "xfs"
  ]
  revision = "185b4288413d2a0dd0806f78c90dde719829e5ae"

[[projects]]
  name = "github.com/spf13/afero"
  packages = [
    ".",
    "mem"
  ]
  revision = "588a75ec4f32903aa5e39a2619ba6a4631e28424"
  version = "v1.2.2"

[[projects]]
  name = "github.com/spf13/cobra"
  packages = ["."]
  revision = "ef82de70bb3f60c65fb8eebacbb2d122ef517385"
  version = "v0.0.3"

[[projects]]
  name = "github.com/spf13/pflag"
  packages = ["."]
  revision = "298182f68c66c05229eb03ac171abe6e309ee79a"
  version = "v1.0.3"

[[projects]]
  name = "github.com/stretchr/testify"
  packages = [
    "assert",
    "require"
  ]
  revision = "ffdc059bfe9ce6a4e144ba849dbedead332c6053"
  version = "v1.3.0"

[[projects]]
  branch = "master"
  name = "golang.org/x/crypto"
  packages = [
    "curve25519",
    "ed25519",
    "ed25519/internal/edwards25519",
    "internal/chacha20",
    "internal/subtle",
    "pbkdf2",
    "poly1305",
    "ssh",
    "ssh/terminal"
  ]
  revision = "3d3f9f413869b949e48070b5bc593aa22cc2b8f2"

[[projects]]
  branch = "master"
  name = "golang.org/x/net"
  packages = [
    "context",
    "context/ctxhttp",
    "html",
    "html/atom",
    "html/charset",
    "http/httpguts",
    "http2",
    "http2/hpack",
    "idna",
    "internal/timeseries",
    "trace",
    "websocket"
  ]
  revision = "88d92db4c548972d942ac2a3531a8a9a34c82ca6"

[[projects]]
  branch = "master"
  name = "golang.org/x/oauth2"
  packages = [
    ".",
    "internal"
  ]
  revision = "f42d05182288abf10faef86d16c0d07b8d40ea2d"

[[projects]]
  branch = "master"
  name = "golang.org/x/sys"
  packages = [
    "unix",
    "windows"
  ]
  revision = "66b7b1311ac80bbafcd2daeef9a5e6e2cd1e2399"

[[projects]]
  name = "golang.org/x/text"
  packages = [
    "collate",
    "collate/build",
    "encoding",
    "encoding/charmap",
    "encoding/htmlindex",
    "encoding/internal",
    "encoding/internal/identifier",
    "encoding/japanese",
    "encoding/korean",
    "encoding/simplifiedchinese",
    "encoding/traditionalchinese",
    "encoding/unicode",
    "internal/colltab",
    "internal/gen",
    "internal/tag",
    "internal/triegen",
    "internal/ucd",
    "internal/utf8internal",
    "language",
    "runes",
    "secure/bidirule",
    "transform",
    "unicode/bidi",
    "unicode/cldr",
    "unicode/norm",
    "unicode/rangetable",
    "width"
  ]
  revision = "f21a4dfb5e38f5895301dc265a8def02365cc3d0"
  version = "v0.3.0"

[[projects]]
  branch = "master"
  name = "golang.org/x/time"
  packages = ["rate"]
  revision = "85acf8d2951cb2a3bde7632f9ff273ef0379bcbd"

[[projects]]
  name = "google.golang.org/appengine"
  packages = [
    "internal",
    "internal/base",
    "internal/datastore",
    "internal/log",
    "internal/remote_api",
    "internal/urlfetch",
    "urlfetch"
  ]
  revision = "4a4468ece617fc8205e99368fa2200e9d1fad421"
  version = "v1.3.0"

[[projects]]
  branch = "master"
  name = "google.golang.org/genproto"
  packages = ["googleapis/rpc/status"]
  revision = "b5d43981345bdb2c233eb4bf3277847b48c6fdc6"

[[projects]]
  name = "google.golang.org/grpc"
  packages = [
    ".",
    "balancer",
    "balancer/base",
    "balancer/roundrobin",
    "codes",
    "connectivity",
    "credentials",
    "encoding",
    "encoding/proto",
    "grpclog",
    "internal",
    "internal/backoff",
    "internal/channelz",
    "internal/envconfig",
    "internal/grpcrand",
    "internal/transport",
    "keepalive",
    "metadata",
    "naming",
    "peer",
    "resolver",
    "resolver/dns",
    "resolver/passthrough",
    "stats",
    "status",
    "tap"
  ]
  revision = "2e463a05d100327ca47ac218281906921038fd95"
  version = "v1.16.0"

[[projects]]
  name = "gopkg.in/fsnotify.v1"
  packages = ["."]
  revision = "c2828203cd70a50dcccfb2761f8b1f8ceef9a8e9"
  source = "https://github.com/fsnotify/fsnotify/archive/v1.4.7.tar.gz"
  version = "v1.4.7"

[[projects]]
  name = "gopkg.in/inf.v0"
  packages = ["."]
  revision = "d2d2541c53f18d2a059457998ce2876cc8e67cbf"
  version = "v0.9.1"

[[projects]]
  name = "gopkg.in/square/go-jose.v2"
  packages = [
    ".",
    "cipher",
    "json",
    "jwt"
  ]
  revision = "730df5f748271903322feb182be83b43ebbbe27d"
  version = "v2.3.1"

[[projects]]
  branch = "v1"
  name = "gopkg.in/tomb.v1"
  packages = ["."]
  revision = "dd632973f1e7218eb1089048e0798ec9ae7dceb8"

[[projects]]
  name = "gopkg.in/yaml.v2"
  packages = ["."]
  revision = "5420a8b6744d3b0345ab293f6fcba19c978f1183"
  version = "v2.2.1"

[[projects]]
  name = "k8s.io/api"
  packages = [
    "admission/v1beta1",
    "admissionregistration/v1beta1",
    "apps/v1",
    "apps/v1beta1",
    "apps/v1beta2",
    "auditregistration/v1alpha1",
    "authentication/v1",
    "authentication/v1beta1",
    "authorization/v1",
    "authorization/v1beta1",
    "autoscaling/v1",
    "autoscaling/v2beta1",
    "autoscaling/v2beta2",
    "batch/v1",
    "batch/v1beta1",
    "batch/v2alpha1",
    "certificates/v1beta1",
    "coordination/v1",
    "coordination/v1beta1",
    "core/v1",
    "events/v1beta1",
    "extensions/v1beta1",
    "imagepolicy/v1alpha1",
    "networking/v1",
    "networking/v1beta1",
    "node/v1alpha1",
    "node/v1beta1",
    "policy/v1beta1",
    "rbac/v1",
    "rbac/v1alpha1",
    "rbac/v1beta1",
    "scheduling/v1",
    "scheduling/v1alpha1",
    "scheduling/v1beta1",
    "settings/v1alpha1",
    "storage/v1",
    "storage/v1alpha1",
    "storage/v1beta1"
  ]
  revision = "7cf5895f2711098d7d9527db0a4a49fb0dff7de2"
  version = "kubernetes-1.15.0"

[[projects]]
  name = "k8s.io/apiextensions-apiserver"
  packages = ["pkg/features"]
  revision = "14e95df34f1f469647f494f5185a036e26fddcab"
  version = "kubernetes-1.15.0"

[[projects]]
  branch = "release-1.15"
  name = "k8s.io/apimachinery"
  packages = [
    "pkg/api/equality",
    "pkg/api/errors",
    "pkg/api/meta",
    "pkg/api/resource",
    "pkg/api/validation",
    "pkg/api/validation/path",
    "pkg/apis/meta/internalversion",
    "pkg/apis/meta/v1",
    "pkg/apis/meta/v1/unstructured",
    "pkg/apis/meta/v1/unstructured/unstructuredscheme",
    "pkg/apis/meta/v1/validation",
    "pkg/apis/meta/v1beta1",
    "pkg/conversion",
    "pkg/conversion/queryparams",
    "pkg/fields",
    "pkg/labels",
    "pkg/runtime",
    "pkg/runtime/schema",
    "pkg/runtime/serializer",
    "pkg/runtime/serializer/json",
    "pkg/runtime/serializer/protobuf",
    "pkg/runtime/serializer/recognizer",
    "pkg/runtime/serializer/streaming",
    "pkg/runtime/serializer/versioning",
    "pkg/selection",
    "pkg/types",
    "pkg/util/cache",
    "pkg/util/clock",
    "pkg/util/diff",
    "pkg/util/duration",
    "pkg/util/errors",
    "pkg/util/framer",
    "pkg/util/httpstream",
    "pkg/util/httpstream/spdy",
    "pkg/util/intstr",
    "pkg/util/json",
    "pkg/util/mergepatch",
    "pkg/util/naming",
    "pkg/util/net",
    "pkg/util/rand",
    "pkg/util/remotecommand",
    "pkg/util/runtime",
    "pkg/util/sets",
    "pkg/util/strategicpatch",
    "pkg/util/uuid",
    "pkg/util/validation",
    "pkg/util/validation/field",
    "pkg/util/version",
    "pkg/util/wait",
    "pkg/util/yaml",
    "pkg/version",
    "pkg/watch",
    "third_party/forked/golang/json",
    "third_party/forked/golang/netutil",
    "third_party/forked/golang/reflect"
  ]
  revision = "1799e75a07195de9460b8ef7300883499f12127b"

[[projects]]
  name = "k8s.io/apiserver"
  packages = [
    "pkg/apis/audit",
    "pkg/apis/audit/v1",
    "pkg/apis/audit/v1alpha1",
    "pkg/apis/audit/v1beta1",
    "pkg/audit",
    "pkg/authentication/authenticator",
    "pkg/authentication/serviceaccount",
    "pkg/authentication/user",
    "pkg/authorization/authorizer",
    "pkg/features",
    "pkg/storage",
    "pkg/storage/etcd",
    "pkg/storage/names",
    "pkg/util/feature"
  ]
  revision = "47dc9a115b1874c96c20cea91d02b36e4faa1bb1"
  version = "kubernetes-1.15.0"

[[projects]]
  branch = "master"
  name = "k8s.io/cli-runtime"
  packages = [
    "pkg/genericclioptions",
    "pkg/kustomize",
    "pkg/kustomize/k8sdeps",
    "pkg/kustomize/k8sdeps/configmapandsecret",
    "pkg/kustomize/k8sdeps/kunstruct",
    "pkg/kustomize/k8sdeps/kv",
    "pkg/kustomize/k8sdeps/transformer",
    "pkg/kustomize/k8sdeps/transformer/hash",
    "pkg/kustomize/k8sdeps/transformer/patch",
    "pkg/kustomize/k8sdeps/validator",
    "pkg/printers",
    "pkg/resource"
  ]
  revision = "7e27a1316a7c0d37dc64bae6abbe71b2a00e468d"

[[projects]]
  branch = "release-12.0"
  name = "k8s.io/client-go"
  packages = [
    "discovery",
    "discovery/cached/disk",
    "discovery/cached/memory",
    "dynamic",
    "dynamic/dynamicinformer",
    "dynamic/dynamiclister",
    "informers",
    "informers/admissionregistration",
    "informers/admissionregistration/v1beta1",
    "informers/apps",
    "informers/apps/v1",
    "informers/apps/v1beta1",
    "informers/apps/v1beta2",
    "informers/auditregistration",
    "informers/auditregistration/v1alpha1",
    "informers/autoscaling",
    "informers/autoscaling/v1",
    "informers/autoscaling/v2beta1",
    "informers/autoscaling/v2beta2",
    "informers/batch",
    "informers/batch/v1",
    "informers/batch/v1beta1",
    "informers/batch/v2alpha1",
    "informers/certificates",
    "informers/certificates/v1beta1",
    "informers/coordination",
    "informers/coordination/v1",
    "informers/coordination/v1beta1",
    "informers/core",
    "informers/core/v1",
    "informers/events",
    "informers/events/v1beta1",
    "informers/extensions",
    "informers/extensions/v1beta1",
    "informers/internalinterfaces",
    "informers/networking",
    "informers/networking/v1",
    "informers/networking/v1beta1",
    "informers/node",
    "informers/node/v1alpha1",
    "informers/node/v1beta1",
    "informers/policy",
    "informers/policy/v1beta1",
    "informers/rbac",
    "informers/rbac/v1",
    "informers/rbac/v1alpha1",
    "informers/rbac/v1beta1",
    "informers/scheduling",
    "informers/scheduling/v1",
    "informers/scheduling/v1alpha1",
    "informers/scheduling/v1beta1",
    "informers/settings",
    "informers/settings/v1alpha1",
    "informers/storage",
    "informers/storage/v1",
    "informers/storage/v1alpha1",
    "informers/storage/v1beta1",
    "kubernetes",
    "kubernetes/scheme",
    "kubernetes/typed/admissionregistration/v1beta1",
    "kubernetes/typed/apps/v1",
    "kubernetes/typed/apps/v1beta1",
    "kubernetes/typed/apps/v1beta2",
    "kubernetes/typed/auditregistration/v1alpha1",
    "kubernetes/typed/authentication/v1",
    "kubernetes/typed/authentication/v1beta1",
    "kubernetes/typed/authorization/v1",
    "kubernetes/typed/authorization/v1beta1",
    "kubernetes/typed/autoscaling/v1",
    "kubernetes/typed/autoscaling/v2beta1",
    "kubernetes/typed/autoscaling/v2beta2",
    "kubernetes/typed/batch/v1",
    "kubernetes/typed/batch/v1beta1",
    "kubernetes/typed/batch/v2alpha1",
    "kubernetes/typed/certificates/v1beta1",
    "kubernetes/typed/coordination/v1",
    "kubernetes/typed/coordination/v1beta1",
    "kubernetes/typed/core/v1",
    "kubernetes/typed/events/v1beta1",
    "kubernetes/typed/extensions/v1beta1",
    "kubernetes/typed/networking/v1",
    "kubernetes/typed/networking/v1beta1",
    "kubernetes/typed/node/v1alpha1",
    "kubernetes/typed/node/v1beta1",
    "kubernetes/typed/policy/v1beta1",
    "kubernetes/typed/rbac/v1",
    "kubernetes/typed/rbac/v1alpha1",
    "kubernetes/typed/rbac/v1beta1",
    "kubernetes/typed/scheduling/v1",
    "kubernetes/typed/scheduling/v1alpha1",
    "kubernetes/typed/scheduling/v1beta1",
    "kubernetes/typed/settings/v1alpha1",
    "kubernetes/typed/storage/v1",
    "kubernetes/typed/storage/v1alpha1",
    "kubernetes/typed/storage/v1beta1",
    "listers/admissionregistration/v1beta1",
    "listers/apps/v1",
    "listers/apps/v1beta1",
    "listers/apps/v1beta2",
    "listers/auditregistration/v1alpha1",
    "listers/autoscaling/v1",
    "listers/autoscaling/v2beta1",
    "listers/autoscaling/v2beta2",
    "listers/batch/v1",
    "listers/batch/v1beta1",
    "listers/batch/v2alpha1",
    "listers/certificates/v1beta1",
    "listers/coordination/v1",
    "listers/coordination/v1beta1",
    "listers/core/v1",
    "listers/events/v1beta1",
    "listers/extensions/v1beta1",
    "listers/networking/v1",
    "listers/networking/v1beta1",
    "listers/node/v1alpha1",
    "listers/node/v1beta1",
    "listers/policy/v1beta1",
    "listers/rbac/v1",
    "listers/rbac/v1alpha1",
    "listers/rbac/v1beta1",
    "listers/scheduling/v1",
    "listers/scheduling/v1alpha1",
    "listers/scheduling/v1beta1",
    "listers/settings/v1alpha1",
    "listers/storage/v1",
    "listers/storage/v1alpha1",
    "listers/storage/v1beta1",
    "pkg/apis/clientauthentication",
    "pkg/apis/clientauthentication/v1alpha1",
    "pkg/apis/clientauthentication/v1beta1",
    "pkg/version",
    "plugin/pkg/client/auth/exec",
    "rest",
    "rest/watch",
    "restmapper",
    "scale",
    "scale/scheme",
    "scale/scheme/appsint",
    "scale/scheme/appsv1beta1",
    "scale/scheme/appsv1beta2",
    "scale/scheme/autoscalingv1",
    "scale/scheme/extensionsint",
    "scale/scheme/extensionsv1beta1",
    "third_party/forked/golang/template",
    "tools/auth",
    "tools/cache",
    "tools/clientcmd",
    "tools/clientcmd/api",
    "tools/clientcmd/api/latest",
    "tools/clientcmd/api/v1",
    "tools/metrics",
    "tools/pager",
    "tools/record",
    "tools/record/util",
    "tools/reference",
    "tools/remotecommand",
    "tools/watch",
    "transport",
    "transport/spdy",
    "util/cert",
    "util/connrotation",
    "util/exec",
    "util/flowcontrol",
    "util/homedir",
    "util/jsonpath",
    "util/keyutil",
    "util/retry",
    "util/workqueue"
  ]
  revision = "e4cdb82809fc633fe1c8deb9ad52f201a6bf1470"

[[projects]]
  branch = "release-1.15"
  name = "k8s.io/cloud-provider"
  packages = [
    ".",
    "service/helpers",
    "volume",
    "volume/helpers"
  ]
  revision = "5fc8952cc2ce71be609fbc8fd7dc9c2bb34dc76d"

[[projects]]
  branch = "master"
  name = "k8s.io/component-base"
  packages = [
    "cli/flag",
    "featuregate"
  ]
  revision = "dd74dcc4bb914094d3ba37135b086467a761bd7d"

[[projects]]
  branch = "master"
  name = "k8s.io/cri-api"
  packages = ["pkg/apis/runtime/v1alpha2"]
  revision = "8a10675a4b1e6b246958bd5bdea51c63039526c4"

[[projects]]
  branch = "master"
  name = "k8s.io/csi-translation-lib"
  packages = [
    ".",
    "plugins"
  ]
  revision = "0cad93d7729852f53f3b5fffac05dec9be1a021d"

[[projects]]
  name = "k8s.io/klog"
  packages = ["."]
  revision = "a5bc97fbc634d635061f3146511332c7e313a55a"
  version = "v0.1.0"

[[projects]]
  branch = "master"
  name = "k8s.io/kube-openapi"
  packages = [
    "pkg/common",
    "pkg/util/proto"
  ]
  revision = "c59034cc13d587f5ef4e85ca0ade0c1866ae8e1d"

[[projects]]
  name = "k8s.io/kubernetes"
  packages = [
    "pkg/api/legacyscheme",
    "pkg/api/service",
    "pkg/api/v1/pod",
    "pkg/apis/apps",
    "pkg/apis/apps/validation",
    "pkg/apis/autoscaling",
    "pkg/apis/batch",
    "pkg/apis/core",
    "pkg/apis/core/helper",
    "pkg/apis/core/install",
    "pkg/apis/core/pods",
    "pkg/apis/core/v1",
    "pkg/apis/core/v1/helper",
    "pkg/apis/core/v1/helper/qos",
    "pkg/apis/core/validation",
    "pkg/apis/extensions",
    "pkg/apis/networking",
    "pkg/apis/policy",
    "pkg/apis/policy/validation",
    "pkg/apis/scheduling",
    "pkg/apis/storage/v1/util",
    "pkg/capabilities",
    "pkg/client/conditions",
    "pkg/controller",
    "pkg/controller/deployment/util",
    "pkg/controller/nodelifecycle",
    "pkg/controller/nodelifecycle/scheduler",
    "pkg/controller/service",
    "pkg/controller/util/node",
    "pkg/controller/volume/persistentvolume/util",
    "pkg/controller/volume/scheduling",
    "pkg/features",
    "pkg/fieldpath",
    "pkg/kubectl",
    "pkg/kubectl/apps",
    "pkg/kubectl/describe",
    "pkg/kubectl/describe/versioned",
    "pkg/kubectl/scheme",
    "pkg/kubectl/util",
    "pkg/kubectl/util/certificate",
    "pkg/kubectl/util/deployment",
    "pkg/kubectl/util/event",
    "pkg/kubectl/util/fieldpath",
    "pkg/kubectl/util/podutils",
    "pkg/kubectl/util/qos",
    "pkg/kubectl/util/rbac",
    "pkg/kubectl/util/resource",
    "pkg/kubectl/util/slice",
    "pkg/kubectl/util/storage",
    "pkg/kubelet/apis",
    "pkg/kubelet/apis/config",
    "pkg/kubelet/apis/stats/v1alpha1",
    "pkg/kubelet/checkpoint",
    "pkg/kubelet/checkpointmanager",
    "pkg/kubelet/checkpointmanager/checksum",
    "pkg/kubelet/checkpointmanager/errors",
    "pkg/kubelet/configmap",
    "pkg/kubelet/container",
    "pkg/kubelet/dockershim/metrics",
    "pkg/kubelet/events",
    "pkg/kubelet/lifecycle",
    "pkg/kubelet/metrics",
    "pkg/kubelet/pod",
    "pkg/kubelet/secret",
    "pkg/kubelet/sysctl",
    "pkg/kubelet/types",
    "pkg/kubelet/util",
    "pkg/kubelet/util/format",
    "pkg/kubelet/util/manager",
    "pkg/kubelet/util/store",
    "pkg/master/ports",
    "pkg/registry/core/service/allocator",
    "pkg/registry/core/service/portallocator",
    "pkg/scheduler/algorithm",
    "pkg/scheduler/algorithm/predicates",
    "pkg/scheduler/algorithm/priorities/util",
    "pkg/scheduler/api",
    "pkg/scheduler/metrics",
    "pkg/scheduler/nodeinfo",
    "pkg/scheduler/util",
    "pkg/scheduler/volumebinder",
    "pkg/security/apparmor",
    "pkg/security/podsecuritypolicy/seccomp",
    "pkg/security/podsecuritypolicy/util",
    "pkg/serviceaccount",
    "pkg/ssh",
    "pkg/util/filesystem",
    "pkg/util/hash",
    "pkg/util/labels",
    "pkg/util/metrics",
    "pkg/util/mount",
    "pkg/util/node",
    "pkg/util/parsers",
    "pkg/util/resizefs",
    "pkg/util/slice",
    "pkg/util/system",
    "pkg/util/taints",
    "pkg/volume",
    "pkg/volume/util",
    "pkg/volume/util/fs",
    "pkg/volume/util/quota",
    "pkg/volume/util/quota/common",
    "pkg/volume/util/recyclerclient",
    "pkg/volume/util/subpath",
    "pkg/volume/util/types",
    "pkg/volume/util/volumepathhandler",
    "test/e2e/framework",
    "test/e2e/framework/auth",
    "test/e2e/framework/ginkgowrapper",
    "test/e2e/framework/log",
    "test/e2e/framework/metrics",
    "test/e2e/framework/podlogs",
    "test/e2e/framework/ssh",
    "test/e2e/framework/testfiles",
    "test/e2e/framework/volume",
    "test/e2e/manifest",
    "test/e2e/perftype",
    "test/e2e/storage/testpatterns",
    "test/e2e/storage/testsuites",
    "test/e2e/storage/utils",
    "test/utils",
    "test/utils/image",
    "third_party/forked/golang/expansion"
  ]
  revision = "e8462b5b5dc2584fdcd18e6bcfe9f1e4d970a529"
  version = "v1.15.0"

[[projects]]
  branch = "master"
  name = "k8s.io/utils"
  packages = [
    "buffer",
    "exec",
    "integer",
    "io",
    "keymutex",
    "net",
    "nsenter",
    "path",
    "pointer",
    "strings",
    "trace"
  ]
  revision = "c55fbcfc754a5b2ec2fbae8fb9dcac36bdba6a12"

[[projects]]
  name = "sigs.k8s.io/kustomize"
  packages = [
    "pkg/commands/build",
    "pkg/constants",
    "pkg/expansion",
    "pkg/factory",
    "pkg/fs",
    "pkg/git",
    "pkg/gvk",
    "pkg/ifc",
    "pkg/ifc/transformer",
    "pkg/image",
    "pkg/internal/error",
    "pkg/loader",
    "pkg/patch",
    "pkg/patch/transformer",
    "pkg/resid",
    "pkg/resmap",
    "pkg/resource",
    "pkg/target",
    "pkg/transformers",
    "pkg/transformers/config",
    "pkg/transformers/config/defaultconfig",
    "pkg/types"
  ]
  revision = "a6f65144121d1955266b0cd836ce954c04122dc8"
  version = "v2.0.3"

[[projects]]
  name = "sigs.k8s.io/yaml"
  packages = ["."]
  revision = "fd68e9863619f6ec2fdd8625fe1f02e7c877e480"
  version = "v1.1.0"

[solve-meta]
  analyzer-name = "dep"
  analyzer-version = 1
  inputs-digest = "08c6730b961258c1a1304edefdfb84e9702dc0fd9c95e05916be802184acddea"
  solver-name = "gps-cdcl"
  solver-version = 1
